
Microsoft Visual Studio Solution File, Format Version 12.00
# Visual Studio 14
VisualStudioVersion = 14.0.25420.1
MinimumVisualStudioVersion = 10.0.40219.1
Project("{FAE04EC0-301F-11D3-BF4B-00C04F79EFBC}") = "BL", "BL\BL.csproj", "{18A48140-3A87-4730-B7B3-F821B2EF1E9E}"
EndProject
Project("{FAE04EC0-301F-11D3-BF4B-00C04F79EFBC}") = "DAL", "DAL\DAL.csproj", "{F690851C-4AFB-4916-B417-B585A1F8FAA6}"
EndProject
Project("{FAE04EC0-301F-11D3-BF4B-00C04F79EFBC}") = "Common", "Common\Common.csproj", "{598EB062-144C-4723-A30D-EEC996E105AB}"
EndProject
Project("{FAE04EC0-301F-11D3-BF4B-00C04F79EFBC}") = "Tests", "Tests\Tests.csproj", "{38DF93BF-897A-4808-8BB4-E24B4EED16F3}"
EndProject
Project("{FAE04EC0-301F-11D3-BF4B-00C04F79EFBC}") = "Extensions", "Extensions\Extensions.csproj", "{A2CAA0FD-2486-4979-A69E-52767F47E07D}"
EndProject
Project("{FAE04EC0-301F-11D3-BF4B-00C04F79EFBC}") = "Assertions", "Assertions\Assertions.csproj", "{84ECBD68-FA92-4367-926A-F4EEBA8DD9A1}"
EndProject
Global
	GlobalSection(SolutionConfigurationPlatforms) = preSolution
		Debug|Any CPU = Debug|Any CPU
		Debug|ARM = Debug|ARM
		Debug|x64 = Debug|x64
		Debug|x86 = Debug|x86
		Release|Any CPU = Release|Any CPU
		Release|ARM = Release|ARM
		Release|x64 = Release|x64
		Release|x86 = Release|x86
	EndGlobalSection
	GlobalSection(ProjectConfigurationPlatforms) = postSolution
		{18A48140-3A87-4730-B7B3-F821B2EF1E9E}.Debug|Any CPU.ActiveCfg = Debug|Any CPU
		{18A48140-3A87-4730-B7B3-F821B2EF1E9E}.Debug|Any CPU.Build.0 = Debug|Any CPU
		{18A48140-3A87-4730-B7B3-F821B2EF1E9E}.Debug|ARM.ActiveCfg = Debug|Any CPU
		{18A48140-3A87-4730-B7B3-F821B2EF1E9E}.Debug|ARM.Build.0 = Debug|Any CPU
		{18A48140-3A87-4730-B7B3-F821B2EF1E9E}.Debug|x64.ActiveCfg = Debug|Any CPU
		{18A48140-3A87-4730-B7B3-F821B2EF1E9E}.Debug|x64.Build.0 = Debug|Any CPU
		{18A48140-3A87-4730-B7B3-F821B2EF1E9E}.Debug|x86.ActiveCfg = Debug|Any CPU
		{18A48140-3A87-4730-B7B3-F821B2EF1E9E}.Debug|x86.Build.0 = Debug|Any CPU
		{18A48140-3A87-4730-B7B3-F821B2EF1E9E}.Release|Any CPU.ActiveCfg = Release|Any CPU
		{18A48140-3A87-4730-B7B3-F821B2EF1E9E}.Release|Any CPU.Build.0 = Release|Any CPU
		{18A48140-3A87-4730-B7B3-F821B2EF1E9E}.Release|ARM.ActiveCfg = Release|Any CPU
		{18A48140-3A87-4730-B7B3-F821B2EF1E9E}.Release|ARM.Build.0 = Release|Any CPU
		{18A48140-3A87-4730-B7B3-F821B2EF1E9E}.Release|x64.ActiveCfg = Release|Any CPU
		{18A48140-3A87-4730-B7B3-F821B2EF1E9E}.Release|x64.Build.0 = Release|Any CPU
		{18A48140-3A87-4730-B7B3-F821B2EF1E9E}.Release|x86.ActiveCfg = Release|Any CPU
		{18A48140-3A87-4730-B7B3-F821B2EF1E9E}.Release|x86.Build.0 = Release|Any CPU
		{F690851C-4AFB-4916-B417-B585A1F8FAA6}.Debug|Any CPU.ActiveCfg = Debug|Any CPU
		{F690851C-4AFB-4916-B417-B585A1F8FAA6}.Debug|Any CPU.Build.0 = Debug|Any CPU
		{F690851C-4AFB-4916-B417-B585A1F8FAA6}.Debug|ARM.ActiveCfg = Debug|Any CPU
		{F690851C-4AFB-4916-B417-B585A1F8FAA6}.Debug|ARM.Build.0 = Debug|Any CPU
		{F690851C-4AFB-4916-B417-B585A1F8FAA6}.Debug|x64.ActiveCfg = Debug|Any CPU
		{F690851C-4AFB-4916-B417-B585A1F8FAA6}.Debug|x64.Build.0 = Debug|Any CPU
		{F690851C-4AFB-4916-B417-B585A1F8FAA6}.Debug|x86.ActiveCfg = Debug|Any CPU
		{F690851C-4AFB-4916-B417-B585A1F8FAA6}.Debug|x86.Build.0 = Debug|Any CPU
		{F690851C-4AFB-4916-B417-B585A1F8FAA6}.Release|Any CPU.ActiveCfg = Release|Any CPU
		{F690851C-4AFB-4916-B417-B585A1F8FAA6}.Release|Any CPU.Build.0 = Release|Any CPU
		{F690851C-4AFB-4916-B417-B585A1F8FAA6}.Release|ARM.ActiveCfg = Release|Any CPU
		{F690851C-4AFB-4916-B417-B585A1F8FAA6}.Release|ARM.Build.0 = Release|Any CPU
		{F690851C-4AFB-4916-B417-B585A1F8FAA6}.Release|x64.ActiveCfg = Release|Any CPU
		{F690851C-4AFB-4916-B417-B585A1F8FAA6}.Release|x64.Build.0 = Release|Any CPU
		{F690851C-4AFB-4916-B417-B585A1F8FAA6}.Release|x86.ActiveCfg = Release|Any CPU
		{F690851C-4AFB-4916-B417-B585A1F8FAA6}.Release|x86.Build.0 = Release|Any CPU
		{598EB062-144C-4723-A30D-EEC996E105AB}.Debug|Any CPU.ActiveCfg = Debug|Any CPU
		{598EB062-144C-4723-A30D-EEC996E105AB}.Debug|Any CPU.Build.0 = Debug|Any CPU
		{598EB062-144C-4723-A30D-EEC996E105AB}.Debug|ARM.ActiveCfg = Debug|Any CPU
		{598EB062-144C-4723-A30D-EEC996E105AB}.Debug|ARM.Build.0 = Debug|Any CPU
		{598EB062-144C-4723-A30D-EEC996E105AB}.Debug|x64.ActiveCfg = Debug|Any CPU
		{598EB062-144C-4723-A30D-EEC996E105AB}.Debug|x64.Build.0 = Debug|Any CPU
		{598EB062-144C-4723-A30D-EEC996E105AB}.Debug|x86.ActiveCfg = Debug|Any CPU
		{598EB062-144C-4723-A30D-EEC996E105AB}.Debug|x86.Build.0 = Debug|Any CPU
		{598EB062-144C-4723-A30D-EEC996E105AB}.Release|Any CPU.ActiveCfg = Release|Any CPU
		{598EB062-144C-4723-A30D-EEC996E105AB}.Release|Any CPU.Build.0 = Release|Any CPU
		{598EB062-144C-4723-A30D-EEC996E105AB}.Release|ARM.ActiveCfg = Release|Any CPU
		{598EB062-144C-4723-A30D-EEC996E105AB}.Release|ARM.Build.0 = Release|Any CPU
		{598EB062-144C-4723-A30D-EEC996E105AB}.Release|x64.ActiveCfg = Release|Any CPU
		{598EB062-144C-4723-A30D-EEC996E105AB}.Release|x64.Build.0 = Release|Any CPU
		{598EB062-144C-4723-A30D-EEC996E105AB}.Release|x86.ActiveCfg = Release|Any CPU
		{598EB062-144C-4723-A30D-EEC996E105AB}.Release|x86.Build.0 = Release|Any CPU
		{38DF93BF-897A-4808-8BB4-E24B4EED16F3}.Debug|Any CPU.ActiveCfg = Debug|Any CPU
		{38DF93BF-897A-4808-8BB4-E24B4EED16F3}.Debug|Any CPU.Build.0 = Debug|Any CPU
		{38DF93BF-897A-4808-8BB4-E24B4EED16F3}.Debug|ARM.ActiveCfg = Debug|Any CPU
		{38DF93BF-897A-4808-8BB4-E24B4EED16F3}.Debug|ARM.Build.0 = Debug|Any CPU
		{38DF93BF-897A-4808-8BB4-E24B4EED16F3}.Debug|x64.ActiveCfg = Debug|Any CPU
		{38DF93BF-897A-4808-8BB4-E24B4EED16F3}.Debug|x64.Build.0 = Debug|Any CPU
		{38DF93BF-897A-4808-8BB4-E24B4EED16F3}.Debug|x86.ActiveCfg = Debug|Any CPU
		{38DF93BF-897A-4808-8BB4-E24B4EED16F3}.Debug|x86.Build.0 = Debug|Any CPU
		{38DF93BF-897A-4808-8BB4-E24B4EED16F3}.Release|Any CPU.ActiveCfg = Release|Any CPU
		{38DF93BF-897A-4808-8BB4-E24B4EED16F3}.Release|Any CPU.Build.0 = Release|Any CPU
		{38DF93BF-897A-4808-8BB4-E24B4EED16F3}.Release|ARM.ActiveCfg = Release|Any CPU
		{38DF93BF-897A-4808-8BB4-E24B4EED16F3}.Release|ARM.Build.0 = Release|Any CPU
		{38DF93BF-897A-4808-8BB4-E24B4EED16F3}.Release|x64.ActiveCfg = Release|Any CPU
		{38DF93BF-897A-4808-8BB4-E24B4EED16F3}.Release|x64.Build.0 = Release|Any CPU
		{38DF93BF-897A-4808-8BB4-E24B4EED16F3}.Release|x86.ActiveCfg = Release|Any CPU
		{38DF93BF-897A-4808-8BB4-E24B4EED16F3}.Release|x86.Build.0 = Release|Any CPU
		{A2CAA0FD-2486-4979-A69E-52767F47E07D}.Debug|Any CPU.ActiveCfg = Debug|Any CPU
		{A2CAA0FD-2486-4979-A69E-52767F47E07D}.Debug|Any CPU.Build.0 = Debug|Any CPU
		{A2CAA0FD-2486-4979-A69E-52767F47E07D}.Debug|ARM.ActiveCfg = Debug|Any CPU
		{A2CAA0FD-2486-4979-A69E-52767F47E07D}.Debug|ARM.Build.0 = Debug|Any CPU
		{A2CAA0FD-2486-4979-A69E-52767F47E07D}.Debug|x64.ActiveCfg = Debug|Any CPU
		{A2CAA0FD-2486-4979-A69E-52767F47E07D}.Debug|x64.Build.0 = Debug|Any CPU
		{A2CAA0FD-2486-4979-A69E-52767F47E07D}.Debug|x86.ActiveCfg = Debug|Any CPU
		{A2CAA0FD-2486-4979-A69E-52767F47E07D}.Debug|x86.Build.0 = Debug|Any CPU
		{A2CAA0FD-2486-4979-A69E-52767F47E07D}.Release|Any CPU.ActiveCfg = Release|Any CPU
		{A2CAA0FD-2486-4979-A69E-52767F47E07D}.Release|Any CPU.Build.0 = Release|Any CPU
		{A2CAA0FD-2486-4979-A69E-52767F47E07D}.Release|ARM.ActiveCfg = Release|Any CPU
		{A2CAA0FD-2486-4979-A69E-52767F47E07D}.Release|ARM.Build.0 = Release|Any CPU
		{A2CAA0FD-2486-4979-A69E-52767F47E07D}.Release|x64.ActiveCfg = Release|Any CPU
		{A2CAA0FD-2486-4979-A69E-52767F47E07D}.Release|x64.Build.0 = Release|Any CPU
		{A2CAA0FD-2486-4979-A69E-52767F47E07D}.Release|x86.ActiveCfg = Release|Any CPU
		{A2CAA0FD-2486-4979-A69E-52767F47E07D}.Release|x86.Build.0 = Release|Any CPU
		{84ECBD68-FA92-4367-926A-F4EEBA8DD9A1}.Debug|Any CPU.ActiveCfg = Debug|Any CPU
		{84ECBD68-FA92-4367-926A-F4EEBA8DD9A1}.Debug|Any CPU.Build.0 = Debug|Any CPU
		{84ECBD68-FA92-4367-926A-F4EEBA8DD9A1}.Debug|ARM.ActiveCfg = Debug|Any CPU
		{84ECBD68-FA92-4367-926A-F4EEBA8DD9A1}.Debug|ARM.Build.0 = Debug|Any CPU
		{84ECBD68-FA92-4367-926A-F4EEBA8DD9A1}.Debug|x64.ActiveCfg = Debug|Any CPU
		{84ECBD68-FA92-4367-926A-F4EEBA8DD9A1}.Debug|x64.Build.0 = Debug|Any CPU
		{84ECBD68-FA92-4367-926A-F4EEBA8DD9A1}.Debug|x86.ActiveCfg = Debug|Any CPU
		{84ECBD68-FA92-4367-926A-F4EEBA8DD9A1}.Debug|x86.Build.0 = Debug|Any CPU
		{84ECBD68-FA92-4367-926A-F4EEBA8DD9A1}.Release|Any CPU.ActiveCfg = Release|Any CPU
		{84ECBD68-FA92-4367-926A-F4EEBA8DD9A1}.Release|Any CPU.Build.0 = Release|Any CPU
		{84ECBD68-FA92-4367-926A-F4EEBA8DD9A1}.Release|ARM.ActiveCfg = Release|Any CPU
		{84ECBD68-FA92-4367-926A-F4EEBA8DD9A1}.Release|ARM.Build.0 = Release|Any CPU
		{84ECBD68-FA92-4367-926A-F4EEBA8DD9A1}.Release|x64.ActiveCfg = Release|Any CPU
		{84ECBD68-FA92-4367-926A-F4EEBA8DD9A1}.Release|x64.Build.0 = Release|Any CPU
		{84ECBD68-FA92-4367-926A-F4EEBA8DD9A1}.Release|x86.ActiveCfg = Release|Any CPU
		{84ECBD68-FA92-4367-926A-F4EEBA8DD9A1}.Release|x86.Build.0 = Release|Any CPU
	EndGlobalSection
	GlobalSection(SolutionProperties) = preSolution
		HideSolutionNode = FALSE
	EndGlobalSection
EndGlobal
